// !$*UTF8*$!
{
	archiveVersion = 1;
	classes = {
	};
	objectVersion = 50;
	objects = {

/* Begin PBXBuildFile section */
		8F130DE622A60C4500742D21 /* ChecklistTableViewController.swift in Sources */ = {isa = PBXBuildFile; fileRef = 8F130DE522A60C4500742D21 /* ChecklistTableViewController.swift */; };
		8F33528620BF6AAB00B0AC8D /* ClassTableViewController.swift in Sources */ = {isa = PBXBuildFile; fileRef = 8F33528520BF6AAB00B0AC8D /* ClassTableViewController.swift */; };
		8F3D7DCA20BE12FF00715952 /* AppDelegate.swift in Sources */ = {isa = PBXBuildFile; fileRef = 8F3D7DC920BE12FF00715952 /* AppDelegate.swift */; };
		8F3D7DD320BE130100715952 /* Assets.xcassets in Resources */ = {isa = PBXBuildFile; fileRef = 8F3D7DD220BE130100715952 /* Assets.xcassets */; };
		8F3D7DD620BE130100715952 /* LaunchScreen.storyboard in Resources */ = {isa = PBXBuildFile; fileRef = 8F3D7DD420BE130100715952 /* LaunchScreen.storyboard */; };
		8F3D7DE120BE130100715952 /* ORHS_ClassesTests.swift in Sources */ = {isa = PBXBuildFile; fileRef = 8F3D7DE020BE130100715952 /* ORHS_ClassesTests.swift */; };
		8F3D7DEC20BE137000715952 /* SubjectTableViewCell.swift in Sources */ = {isa = PBXBuildFile; fileRef = 8F3D7DEB20BE137000715952 /* SubjectTableViewCell.swift */; };
		8F3D7DEE20BE13AA00715952 /* SubjectTableViewController.swift in Sources */ = {isa = PBXBuildFile; fileRef = 8F3D7DED20BE13AA00715952 /* SubjectTableViewController.swift */; };
		8F4AE7AC20BF83FB001CFD6F /* ClassTableViewCell.swift in Sources */ = {isa = PBXBuildFile; fileRef = 8F4AE7AB20BF83FB001CFD6F /* ClassTableViewCell.swift */; };
		8F4AE7AE20BF8461001CFD6F /* ClassDetailViewController.swift in Sources */ = {isa = PBXBuildFile; fileRef = 8F4AE7AD20BF8461001CFD6F /* ClassDetailViewController.swift */; };
		8F4AE7B020BF8550001CFD6F /* Reader.swift in Sources */ = {isa = PBXBuildFile; fileRef = 8F4AE7AF20BF8550001CFD6F /* Reader.swift */; };
		8F4AE7B720C56BC0001CFD6F /* Class.swift in Sources */ = {isa = PBXBuildFile; fileRef = 8F4AE7B620C56BC0001CFD6F /* Class.swift */; };
		8FE9970220D0B90A005EF1ED /* YearTableViewController.swift in Sources */ = {isa = PBXBuildFile; fileRef = 8FE9970120D0B90A005EF1ED /* YearTableViewController.swift */; };
		8FE9970420D16144005EF1ED /* YearTableViewCell.swift in Sources */ = {isa = PBXBuildFile; fileRef = 8FE9970320D16144005EF1ED /* YearTableViewCell.swift */; };
		8FF61DEC20DC84C4004DA261 /* AddYearTableViewController.swift in Sources */ = {isa = PBXBuildFile; fileRef = 8FF61DEB20DC84C4004DA261 /* AddYearTableViewController.swift */; };
		8FF61DEE20DC84E3004DA261 /* AddYearTableViewCell.swift in Sources */ = {isa = PBXBuildFile; fileRef = 8FF61DED20DC84E3004DA261 /* AddYearTableViewCell.swift */; };
		8FF61DF020DCAEAE004DA261 /* ScheduleTableViewCell.swift in Sources */ = {isa = PBXBuildFile; fileRef = 8FF61DEF20DCAEAE004DA261 /* ScheduleTableViewCell.swift */; };
		8FF61DF220DCAEC3004DA261 /* ScheduleTableViewController.swift in Sources */ = {isa = PBXBuildFile; fileRef = 8FF61DF120DCAEC3004DA261 /* ScheduleTableViewController.swift */; };
		F668A59F2491826C00844652 /* Sports in Resources */ = {isa = PBXBuildFile; fileRef = F668A59E2491826C00844652 /* Sports */; };
		F668A5A12492745800844652 /* HomeViewController.swift in Sources */ = {isa = PBXBuildFile; fileRef = F668A5A02492745800844652 /* HomeViewController.swift */; };
		F668A5A52492C14000844652 /* Clubs in Resources */ = {isa = PBXBuildFile; fileRef = F668A5A42492C14000844652 /* Clubs */; };
		F674154F2486888400DC1E2C /* CurrentClubsTableViewController.swift in Sources */ = {isa = PBXBuildFile; fileRef = F674154E2486888400DC1E2C /* CurrentClubsTableViewController.swift */; };
		F67415512486890E00DC1E2C /* AllClubsTableViewController.swift in Sources */ = {isa = PBXBuildFile; fileRef = F67415502486890E00DC1E2C /* AllClubsTableViewController.swift */; };
		F67415532486894800DC1E2C /* CurrentClubsTableViewCell.swift in Sources */ = {isa = PBXBuildFile; fileRef = F67415522486894800DC1E2C /* CurrentClubsTableViewCell.swift */; };
		F67415552486896400DC1E2C /* AllClubsTableViewCell.swift in Sources */ = {isa = PBXBuildFile; fileRef = F67415542486896400DC1E2C /* AllClubsTableViewCell.swift */; };
		F6945D8E2485734B0076EFC8 /* ChecklistTableViewCell.swift in Sources */ = {isa = PBXBuildFile; fileRef = F6945D8D2485734B0076EFC8 /* ChecklistTableViewCell.swift */; };
		F6BB99602487F42800EE18CB /* ClubDetailsViewController.swift in Sources */ = {isa = PBXBuildFile; fileRef = F6BB995F2487F42800EE18CB /* ClubDetailsViewController.swift */; };
		F6BB99622487F4F800EE18CB /* Main.storyboard in Resources */ = {isa = PBXBuildFile; fileRef = F6BB99612487F4F800EE18CB /* Main.storyboard */; };
		F6BB99642487FEAA00EE18CB /* Club.swift in Sources */ = {isa = PBXBuildFile; fileRef = F6BB99632487FEAA00EE18CB /* Club.swift */; };
		F6CB7332249CEF6300694118 /* Classes in Resources */ = {isa = PBXBuildFile; fileRef = F6CB7331249CEF6300694118 /* Classes */; };
		F6E8CFF324913E7F00110783 /* CurrentSportsTableViewController.swift in Sources */ = {isa = PBXBuildFile; fileRef = F6E8CFF224913E7F00110783 /* CurrentSportsTableViewController.swift */; };
		F6E8CFF524913E9D00110783 /* CurrentSportsTableViewCell.swift in Sources */ = {isa = PBXBuildFile; fileRef = F6E8CFF424913E9D00110783 /* CurrentSportsTableViewCell.swift */; };
		F6E8CFF724913EAD00110783 /* AllSportsTableViewCell.swift in Sources */ = {isa = PBXBuildFile; fileRef = F6E8CFF624913EAD00110783 /* AllSportsTableViewCell.swift */; };
		F6E8CFF924913EC600110783 /* AllSportsTableViewController.swift in Sources */ = {isa = PBXBuildFile; fileRef = F6E8CFF824913EC600110783 /* AllSportsTableViewController.swift */; };
		F6E8CFFB24913EDC00110783 /* Sports.swift in Sources */ = {isa = PBXBuildFile; fileRef = F6E8CFFA24913EDC00110783 /* Sports.swift */; };
		F6E8CFFD24914D8500110783 /* SportsDetailViewController.swift in Sources */ = {isa = PBXBuildFile; fileRef = F6E8CFFC24914D8500110783 /* SportsDetailViewController.swift */; };
/* End PBXBuildFile section */

/* Begin PBXContainerItemProxy section */
		8F3D7DDD20BE130100715952 /* PBXContainerItemProxy */ = {
			isa = PBXContainerItemProxy;
			containerPortal = 8F3D7DBE20BE12FF00715952 /* Project object */;
			proxyType = 1;
			remoteGlobalIDString = 8F3D7DC520BE12FF00715952;
			remoteInfo = "ORHS Classes";
		};
/* End PBXContainerItemProxy section */

/* Begin PBXFileReference section */
		8F130DE522A60C4500742D21 /* ChecklistTableViewController.swift */ = {isa = PBXFileReference; lastKnownFileType = sourcecode.swift; path = ChecklistTableViewController.swift; sourceTree = "<group>"; };
		8F33528520BF6AAB00B0AC8D /* ClassTableViewController.swift */ = {isa = PBXFileReference; lastKnownFileType = sourcecode.swift; name = ClassTableViewController.swift; path = "ORHS Classes/ClassTableViewController.swift"; sourceTree = SOURCE_ROOT; };
		8F3D7DC620BE12FF00715952 /* ORHS Classes.app */ = {isa = PBXFileReference; explicitFileType = wrapper.application; includeInIndex = 0; path = "ORHS Classes.app"; sourceTree = BUILT_PRODUCTS_DIR; };
		8F3D7DC920BE12FF00715952 /* AppDelegate.swift */ = {isa = PBXFileReference; lastKnownFileType = sourcecode.swift; path = AppDelegate.swift; sourceTree = "<group>"; };
		8F3D7DD220BE130100715952 /* Assets.xcassets */ = {isa = PBXFileReference; lastKnownFileType = folder.assetcatalog; path = Assets.xcassets; sourceTree = "<group>"; };
		8F3D7DD520BE130100715952 /* Base */ = {isa = PBXFileReference; lastKnownFileType = file.storyboard; name = Base; path = Base.lproj/LaunchScreen.storyboard; sourceTree = "<group>"; };
		8F3D7DD720BE130100715952 /* Info.plist */ = {isa = PBXFileReference; lastKnownFileType = text.plist.xml; path = Info.plist; sourceTree = "<group>"; };
		8F3D7DDC20BE130100715952 /* ORHS ClassesTests.xctest */ = {isa = PBXFileReference; explicitFileType = wrapper.cfbundle; includeInIndex = 0; path = "ORHS ClassesTests.xctest"; sourceTree = BUILT_PRODUCTS_DIR; };
		8F3D7DE020BE130100715952 /* ORHS_ClassesTests.swift */ = {isa = PBXFileReference; lastKnownFileType = sourcecode.swift; path = ORHS_ClassesTests.swift; sourceTree = "<group>"; };
		8F3D7DE220BE130100715952 /* Info.plist */ = {isa = PBXFileReference; lastKnownFileType = text.plist.xml; path = Info.plist; sourceTree = "<group>"; };
		8F3D7DEB20BE137000715952 /* SubjectTableViewCell.swift */ = {isa = PBXFileReference; lastKnownFileType = sourcecode.swift; path = SubjectTableViewCell.swift; sourceTree = "<group>"; };
		8F3D7DED20BE13AA00715952 /* SubjectTableViewController.swift */ = {isa = PBXFileReference; lastKnownFileType = sourcecode.swift; path = SubjectTableViewController.swift; sourceTree = "<group>"; };
		8F4AE7AB20BF83FB001CFD6F /* ClassTableViewCell.swift */ = {isa = PBXFileReference; lastKnownFileType = sourcecode.swift; path = ClassTableViewCell.swift; sourceTree = "<group>"; };
		8F4AE7AD20BF8461001CFD6F /* ClassDetailViewController.swift */ = {isa = PBXFileReference; lastKnownFileType = sourcecode.swift; path = ClassDetailViewController.swift; sourceTree = "<group>"; };
		8F4AE7AF20BF8550001CFD6F /* Reader.swift */ = {isa = PBXFileReference; lastKnownFileType = sourcecode.swift; path = Reader.swift; sourceTree = "<group>"; tabWidth = 3; };
		8F4AE7B620C56BC0001CFD6F /* Class.swift */ = {isa = PBXFileReference; lastKnownFileType = sourcecode.swift; path = Class.swift; sourceTree = "<group>"; };
		8FE9970120D0B90A005EF1ED /* YearTableViewController.swift */ = {isa = PBXFileReference; lastKnownFileType = sourcecode.swift; path = YearTableViewController.swift; sourceTree = "<group>"; };
		8FE9970320D16144005EF1ED /* YearTableViewCell.swift */ = {isa = PBXFileReference; lastKnownFileType = sourcecode.swift; path = YearTableViewCell.swift; sourceTree = "<group>"; };
		8FF61DEB20DC84C4004DA261 /* AddYearTableViewController.swift */ = {isa = PBXFileReference; lastKnownFileType = sourcecode.swift; path = AddYearTableViewController.swift; sourceTree = "<group>"; };
		8FF61DED20DC84E3004DA261 /* AddYearTableViewCell.swift */ = {isa = PBXFileReference; lastKnownFileType = sourcecode.swift; path = AddYearTableViewCell.swift; sourceTree = "<group>"; };
		8FF61DEF20DCAEAE004DA261 /* ScheduleTableViewCell.swift */ = {isa = PBXFileReference; lastKnownFileType = sourcecode.swift; path = ScheduleTableViewCell.swift; sourceTree = "<group>"; };
		8FF61DF120DCAEC3004DA261 /* ScheduleTableViewController.swift */ = {isa = PBXFileReference; lastKnownFileType = sourcecode.swift; path = ScheduleTableViewController.swift; sourceTree = "<group>"; };
		F668A59E2491826C00844652 /* Sports */ = {isa = PBXFileReference; lastKnownFileType = folder; path = Sports; sourceTree = "<group>"; };
		F668A5A02492745800844652 /* HomeViewController.swift */ = {isa = PBXFileReference; lastKnownFileType = sourcecode.swift; path = HomeViewController.swift; sourceTree = "<group>"; };
		F668A5A42492C14000844652 /* Clubs */ = {isa = PBXFileReference; lastKnownFileType = folder; path = Clubs; sourceTree = "<group>"; };
		F674154E2486888400DC1E2C /* CurrentClubsTableViewController.swift */ = {isa = PBXFileReference; lastKnownFileType = sourcecode.swift; path = CurrentClubsTableViewController.swift; sourceTree = "<group>"; };
		F67415502486890E00DC1E2C /* AllClubsTableViewController.swift */ = {isa = PBXFileReference; lastKnownFileType = sourcecode.swift; path = AllClubsTableViewController.swift; sourceTree = "<group>"; };
		F67415522486894800DC1E2C /* CurrentClubsTableViewCell.swift */ = {isa = PBXFileReference; lastKnownFileType = sourcecode.swift; path = CurrentClubsTableViewCell.swift; sourceTree = "<group>"; };
		F67415542486896400DC1E2C /* AllClubsTableViewCell.swift */ = {isa = PBXFileReference; lastKnownFileType = sourcecode.swift; path = AllClubsTableViewCell.swift; sourceTree = "<group>"; };
		F6945D8D2485734B0076EFC8 /* ChecklistTableViewCell.swift */ = {isa = PBXFileReference; fileEncoding = 4; lastKnownFileType = sourcecode.swift; path = ChecklistTableViewCell.swift; sourceTree = "<group>"; };
		F6BB995F2487F42800EE18CB /* ClubDetailsViewController.swift */ = {isa = PBXFileReference; lastKnownFileType = sourcecode.swift; path = ClubDetailsViewController.swift; sourceTree = "<group>"; };
		F6BB99612487F4F800EE18CB /* Main.storyboard */ = {isa = PBXFileReference; fileEncoding = 4; lastKnownFileType = file.storyboard; path = Main.storyboard; sourceTree = "<group>"; };
		F6BB99632487FEAA00EE18CB /* Club.swift */ = {isa = PBXFileReference; lastKnownFileType = sourcecode.swift; path = Club.swift; sourceTree = "<group>"; };
		F6CB7331249CEF6300694118 /* Classes */ = {isa = PBXFileReference; fileEncoding = 4; lastKnownFileType = text; path = Classes; sourceTree = SOURCE_ROOT; };
		F6E8CFF224913E7F00110783 /* CurrentSportsTableViewController.swift */ = {isa = PBXFileReference; lastKnownFileType = sourcecode.swift; path = CurrentSportsTableViewController.swift; sourceTree = "<group>"; };
		F6E8CFF424913E9D00110783 /* CurrentSportsTableViewCell.swift */ = {isa = PBXFileReference; lastKnownFileType = sourcecode.swift; path = CurrentSportsTableViewCell.swift; sourceTree = "<group>"; };
		F6E8CFF624913EAD00110783 /* AllSportsTableViewCell.swift */ = {isa = PBXFileReference; lastKnownFileType = sourcecode.swift; path = AllSportsTableViewCell.swift; sourceTree = "<group>"; };
		F6E8CFF824913EC600110783 /* AllSportsTableViewController.swift */ = {isa = PBXFileReference; lastKnownFileType = sourcecode.swift; path = AllSportsTableViewController.swift; sourceTree = "<group>"; };
		F6E8CFFA24913EDC00110783 /* Sports.swift */ = {isa = PBXFileReference; lastKnownFileType = sourcecode.swift; path = Sports.swift; sourceTree = "<group>"; };
		F6E8CFFC24914D8500110783 /* SportsDetailViewController.swift */ = {isa = PBXFileReference; lastKnownFileType = sourcecode.swift; path = SportsDetailViewController.swift; sourceTree = "<group>"; };
/* End PBXFileReference section */

/* Begin PBXFrameworksBuildPhase section */
		8F3D7DC320BE12FF00715952 /* Frameworks */ = {
			isa = PBXFrameworksBuildPhase;
			buildActionMask = 2147483647;
			files = (
			);
			runOnlyForDeploymentPostprocessing = 0;
		};
		8F3D7DD920BE130100715952 /* Frameworks */ = {
			isa = PBXFrameworksBuildPhase;
			buildActionMask = 2147483647;
			files = (
			);
			runOnlyForDeploymentPostprocessing = 0;
		};
/* End PBXFrameworksBuildPhase section */

/* Begin PBXGroup section */
		8F3D7DBD20BE12FF00715952 = {
			isa = PBXGroup;
			children = (
				8F3D7DC820BE12FF00715952 /* ORHS Classes */,
				8F3D7DDF20BE130100715952 /* ORHS ClassesTests */,
				8F3D7DC720BE12FF00715952 /* Products */,
			);
			sourceTree = "<group>";
		};
		8F3D7DC720BE12FF00715952 /* Products */ = {
			isa = PBXGroup;
			children = (
				8F3D7DC620BE12FF00715952 /* ORHS Classes.app */,
				8F3D7DDC20BE130100715952 /* ORHS ClassesTests.xctest */,
			);
			name = Products;
			sourceTree = "<group>";
		};
		8F3D7DC820BE12FF00715952 /* ORHS Classes */ = {
			isa = PBXGroup;
			children = (
				F668A5A42492C14000844652 /* Clubs */,
				F668A59E2491826C00844652 /* Sports */,
				8F3D7DC920BE12FF00715952 /* AppDelegate.swift */,
				F6CB7331249CEF6300694118 /* Classes */,
				8FE9970320D16144005EF1ED /* YearTableViewCell.swift */,
				8FE9970120D0B90A005EF1ED /* YearTableViewController.swift */,
				8FF61DEF20DCAEAE004DA261 /* ScheduleTableViewCell.swift */,
				8FF61DF120DCAEC3004DA261 /* ScheduleTableViewController.swift */,
				8F3D7DEB20BE137000715952 /* SubjectTableViewCell.swift */,
				8F3D7DED20BE13AA00715952 /* SubjectTableViewController.swift */,
				8FF61DEB20DC84C4004DA261 /* AddYearTableViewController.swift */,
				8FF61DED20DC84E3004DA261 /* AddYearTableViewCell.swift */,
				8F4AE7AD20BF8461001CFD6F /* ClassDetailViewController.swift */,
				8F33528520BF6AAB00B0AC8D /* ClassTableViewController.swift */,
				8F4AE7AB20BF83FB001CFD6F /* ClassTableViewCell.swift */,
				8F4AE7B620C56BC0001CFD6F /* Class.swift */,
				8F4AE7AF20BF8550001CFD6F /* Reader.swift */,
				8F130DE522A60C4500742D21 /* ChecklistTableViewController.swift */,
				F6945D8D2485734B0076EFC8 /* ChecklistTableViewCell.swift */,
				F674154E2486888400DC1E2C /* CurrentClubsTableViewController.swift */,
				F67415522486894800DC1E2C /* CurrentClubsTableViewCell.swift */,
				F67415502486890E00DC1E2C /* AllClubsTableViewController.swift */,
				F67415542486896400DC1E2C /* AllClubsTableViewCell.swift */,
				F6BB99632487FEAA00EE18CB /* Club.swift */,
				F6BB995F2487F42800EE18CB /* ClubDetailsViewController.swift */,
				F6BB99612487F4F800EE18CB /* Main.storyboard */,
				F668A5A02492745800844652 /* HomeViewController.swift */,
				F6E8CFFC24914D8500110783 /* SportsDetailViewController.swift */,
				F6E8CFF224913E7F00110783 /* CurrentSportsTableViewController.swift */,
				F6E8CFF424913E9D00110783 /* CurrentSportsTableViewCell.swift */,
				F6E8CFF624913EAD00110783 /* AllSportsTableViewCell.swift */,
				F6E8CFF824913EC600110783 /* AllSportsTableViewController.swift */,
				F6E8CFFA24913EDC00110783 /* Sports.swift */,
				8F3D7DD220BE130100715952 /* Assets.xcassets */,
				8F3D7DD420BE130100715952 /* LaunchScreen.storyboard */,
				8F3D7DD720BE130100715952 /* Info.plist */,
			);
			path = "ORHS Classes";
			sourceTree = "<group>";
		};
		8F3D7DDF20BE130100715952 /* ORHS ClassesTests */ = {
			isa = PBXGroup;
			children = (
				8F3D7DE020BE130100715952 /* ORHS_ClassesTests.swift */,
				8F3D7DE220BE130100715952 /* Info.plist */,
			);
			path = "ORHS ClassesTests";
			sourceTree = "<group>";
		};
/* End PBXGroup section */

/* Begin PBXNativeTarget section */
		8F3D7DC520BE12FF00715952 /* ORHS Classes */ = {
			isa = PBXNativeTarget;
			buildConfigurationList = 8F3D7DE520BE130100715952 /* Build configuration list for PBXNativeTarget "ORHS Classes" */;
			buildPhases = (
				8F3D7DC220BE12FF00715952 /* Sources */,
				8F3D7DC320BE12FF00715952 /* Frameworks */,
				8F3D7DC420BE12FF00715952 /* Resources */,
			);
			buildRules = (
			);
			dependencies = (
			);
			name = "ORHS Classes";
			productName = "ORHS Classes";
			productReference = 8F3D7DC620BE12FF00715952 /* ORHS Classes.app */;
			productType = "com.apple.product-type.application";
		};
		8F3D7DDB20BE130100715952 /* ORHS ClassesTests */ = {
			isa = PBXNativeTarget;
			buildConfigurationList = 8F3D7DE820BE130100715952 /* Build configuration list for PBXNativeTarget "ORHS ClassesTests" */;
			buildPhases = (
				8F3D7DD820BE130100715952 /* Sources */,
				8F3D7DD920BE130100715952 /* Frameworks */,
				8F3D7DDA20BE130100715952 /* Resources */,
			);
			buildRules = (
			);
			dependencies = (
				8F3D7DDE20BE130100715952 /* PBXTargetDependency */,
			);
			name = "ORHS ClassesTests";
			productName = "ORHS ClassesTests";
			productReference = 8F3D7DDC20BE130100715952 /* ORHS ClassesTests.xctest */;
			productType = "com.apple.product-type.bundle.unit-test";
		};
/* End PBXNativeTarget section */

/* Begin PBXProject section */
		8F3D7DBE20BE12FF00715952 /* Project object */ = {
			isa = PBXProject;
			attributes = {
				LastSwiftUpdateCheck = 0930;
				LastUpgradeCheck = 1140;
				ORGANIZATIONNAME = "Steven QU";
				TargetAttributes = {
					8F3D7DC520BE12FF00715952 = {
						CreatedOnToolsVersion = 9.3.1;
					};
					8F3D7DDB20BE130100715952 = {
						CreatedOnToolsVersion = 9.3.1;
						TestTargetID = 8F3D7DC520BE12FF00715952;
					};
				};
			};
			buildConfigurationList = 8F3D7DC120BE12FF00715952 /* Build configuration list for PBXProject "ORHS Classes" */;
			compatibilityVersion = "Xcode 9.3";
			developmentRegion = en;
			hasScannedForEncodings = 0;
			knownRegions = (
				en,
				Base,
			);
			mainGroup = 8F3D7DBD20BE12FF00715952;
			productRefGroup = 8F3D7DC720BE12FF00715952 /* Products */;
			projectDirPath = "";
			projectRoot = "";
			targets = (
				8F3D7DC520BE12FF00715952 /* ORHS Classes */,
				8F3D7DDB20BE130100715952 /* ORHS ClassesTests */,
			);
		};
/* End PBXProject section */

/* Begin PBXResourcesBuildPhase section */
		8F3D7DC420BE12FF00715952 /* Resources */ = {
			isa = PBXResourcesBuildPhase;
			buildActionMask = 2147483647;
			files = (
				F668A5A52492C14000844652 /* Clubs in Resources */,
				F6BB99622487F4F800EE18CB /* Main.storyboard in Resources */,
				8F3D7DD620BE130100715952 /* LaunchScreen.storyboard in Resources */,
				F6CB7332249CEF6300694118 /* Classes in Resources */,
				8F3D7DD320BE130100715952 /* Assets.xcassets in Resources */,
				F668A59F2491826C00844652 /* Sports in Resources */,
			);
			runOnlyForDeploymentPostprocessing = 0;
		};
		8F3D7DDA20BE130100715952 /* Resources */ = {
			isa = PBXResourcesBuildPhase;
			buildActionMask = 2147483647;
			files = (
			);
			runOnlyForDeploymentPostprocessing = 0;
		};
/* End PBXResourcesBuildPhase section */

/* Begin PBXSourcesBuildPhase section */
		8F3D7DC220BE12FF00715952 /* Sources */ = {
			isa = PBXSourcesBuildPhase;
			buildActionMask = 2147483647;
			files = (
				8F33528620BF6AAB00B0AC8D /* ClassTableViewController.swift in Sources */,
				F6BB99642487FEAA00EE18CB /* Club.swift in Sources */,
				F67415512486890E00DC1E2C /* AllClubsTableViewController.swift in Sources */,
				8F3D7DCA20BE12FF00715952 /* AppDelegate.swift in Sources */,
				8F4AE7AE20BF8461001CFD6F /* ClassDetailViewController.swift in Sources */,
				F668A5A12492745800844652 /* HomeViewController.swift in Sources */,
				F6E8CFF524913E9D00110783 /* CurrentSportsTableViewCell.swift in Sources */,
				8F4AE7B020BF8550001CFD6F /* Reader.swift in Sources */,
				F6E8CFF324913E7F00110783 /* CurrentSportsTableViewController.swift in Sources */,
				8FF61DEE20DC84E3004DA261 /* AddYearTableViewCell.swift in Sources */,
				F674154F2486888400DC1E2C /* CurrentClubsTableViewController.swift in Sources */,
				F6E8CFFD24914D8500110783 /* SportsDetailViewController.swift in Sources */,
				8F3D7DEC20BE137000715952 /* SubjectTableViewCell.swift in Sources */,
				F6E8CFF924913EC600110783 /* AllSportsTableViewController.swift in Sources */,
				F67415532486894800DC1E2C /* CurrentClubsTableViewCell.swift in Sources */,
				F6E8CFFB24913EDC00110783 /* Sports.swift in Sources */,
				8F130DE622A60C4500742D21 /* ChecklistTableViewController.swift in Sources */,
				F6945D8E2485734B0076EFC8 /* ChecklistTableViewCell.swift in Sources */,
				8FF61DF220DCAEC3004DA261 /* ScheduleTableViewController.swift in Sources */,
				8F3D7DEE20BE13AA00715952 /* SubjectTableViewController.swift in Sources */,
				8FE9970420D16144005EF1ED /* YearTableViewCell.swift in Sources */,
				8FF61DF020DCAEAE004DA261 /* ScheduleTableViewCell.swift in Sources */,
				8F4AE7AC20BF83FB001CFD6F /* ClassTableViewCell.swift in Sources */,
				F6E8CFF724913EAD00110783 /* AllSportsTableViewCell.swift in Sources */,
				F6BB99602487F42800EE18CB /* ClubDetailsViewController.swift in Sources */,
				8FF61DEC20DC84C4004DA261 /* AddYearTableViewController.swift in Sources */,
				8F4AE7B720C56BC0001CFD6F /* Class.swift in Sources */,
				8FE9970220D0B90A005EF1ED /* YearTableViewController.swift in Sources */,
				F67415552486896400DC1E2C /* AllClubsTableViewCell.swift in Sources */,
			);
			runOnlyForDeploymentPostprocessing = 0;
		};
		8F3D7DD820BE130100715952 /* Sources */ = {
			isa = PBXSourcesBuildPhase;
			buildActionMask = 2147483647;
			files = (
				8F3D7DE120BE130100715952 /* ORHS_ClassesTests.swift in Sources */,
			);
			runOnlyForDeploymentPostprocessing = 0;
		};
/* End PBXSourcesBuildPhase section */

/* Begin PBXTargetDependency section */
		8F3D7DDE20BE130100715952 /* PBXTargetDependency */ = {
			isa = PBXTargetDependency;
			target = 8F3D7DC520BE12FF00715952 /* ORHS Classes */;
			targetProxy = 8F3D7DDD20BE130100715952 /* PBXContainerItemProxy */;
		};
/* End PBXTargetDependency section */

/* Begin PBXVariantGroup section */
		8F3D7DD420BE130100715952 /* LaunchScreen.storyboard */ = {
			isa = PBXVariantGroup;
			children = (
				8F3D7DD520BE130100715952 /* Base */,
			);
			name = LaunchScreen.storyboard;
			sourceTree = "<group>";
		};
/* End PBXVariantGroup section */

/* Begin XCBuildConfiguration section */
		8F3D7DE320BE130100715952 /* Debug */ = {
			isa = XCBuildConfiguration;
			buildSettings = {
				ALWAYS_SEARCH_USER_PATHS = NO;
				CLANG_ANALYZER_NONNULL = YES;
				CLANG_ANALYZER_NUMBER_OBJECT_CONVERSION = YES_AGGRESSIVE;
				CLANG_CXX_LANGUAGE_STANDARD = "gnu++14";
				CLANG_CXX_LIBRARY = "libc++";
				CLANG_ENABLE_MODULES = YES;
				CLANG_ENABLE_OBJC_ARC = YES;
				CLANG_ENABLE_OBJC_WEAK = YES;
				CLANG_WARN_BLOCK_CAPTURE_AUTORELEASING = YES;
				CLANG_WARN_BOOL_CONVERSION = YES;
				CLANG_WARN_COMMA = YES;
				CLANG_WARN_CONSTANT_CONVERSION = YES;
				CLANG_WARN_DEPRECATED_OBJC_IMPLEMENTATIONS = YES;
				CLANG_WARN_DIRECT_OBJC_ISA_USAGE = YES_ERROR;
				CLANG_WARN_DOCUMENTATION_COMMENTS = YES;
				CLANG_WARN_EMPTY_BODY = YES;
				CLANG_WARN_ENUM_CONVERSION = YES;
				CLANG_WARN_INFINITE_RECURSION = YES;
				CLANG_WARN_INT_CONVERSION = YES;
				CLANG_WARN_NON_LITERAL_NULL_CONVERSION = YES;
				CLANG_WARN_OBJC_IMPLICIT_RETAIN_SELF = YES;
				CLANG_WARN_OBJC_LITERAL_CONVERSION = YES;
				CLANG_WARN_OBJC_ROOT_CLASS = YES_ERROR;
				CLANG_WARN_RANGE_LOOP_ANALYSIS = YES;
				CLANG_WARN_STRICT_PROTOTYPES = YES;
				CLANG_WARN_SUSPICIOUS_MOVE = YES;
				CLANG_WARN_UNGUARDED_AVAILABILITY = YES_AGGRESSIVE;
				CLANG_WARN_UNREACHABLE_CODE = YES;
				CLANG_WARN__DUPLICATE_METHOD_MATCH = YES;
				CODE_SIGN_IDENTITY = "iPhone Developer";
				COPY_PHASE_STRIP = NO;
				DEBUG_INFORMATION_FORMAT = dwarf;
				ENABLE_STRICT_OBJC_MSGSEND = YES;
				ENABLE_TESTABILITY = YES;
				GCC_C_LANGUAGE_STANDARD = gnu11;
				GCC_DYNAMIC_NO_PIC = NO;
				GCC_NO_COMMON_BLOCKS = YES;
				GCC_OPTIMIZATION_LEVEL = 0;
				GCC_PREPROCESSOR_DEFINITIONS = (
					"DEBUG=1",
					"$(inherited)",
				);
				GCC_WARN_64_TO_32_BIT_CONVERSION = YES;
				GCC_WARN_ABOUT_RETURN_TYPE = YES_ERROR;
				GCC_WARN_UNDECLARED_SELECTOR = YES;
				GCC_WARN_UNINITIALIZED_AUTOS = YES_AGGRESSIVE;
				GCC_WARN_UNUSED_FUNCTION = YES;
				GCC_WARN_UNUSED_VARIABLE = YES;
				IPHONEOS_DEPLOYMENT_TARGET = 11.3;
				MTL_ENABLE_DEBUG_INFO = YES;
				ONLY_ACTIVE_ARCH = YES;
				SDKROOT = iphoneos;
				SWIFT_ACTIVE_COMPILATION_CONDITIONS = DEBUG;
				SWIFT_OPTIMIZATION_LEVEL = "-Onone";
			};
			name = Debug;
		};
		8F3D7DE420BE130100715952 /* Release */ = {
			isa = XCBuildConfiguration;
			buildSettings = {
				ALWAYS_SEARCH_USER_PATHS = NO;
				CLANG_ANALYZER_NONNULL = YES;
				CLANG_ANALYZER_NUMBER_OBJECT_CONVERSION = YES_AGGRESSIVE;
				CLANG_CXX_LANGUAGE_STANDARD = "gnu++14";
				CLANG_CXX_LIBRARY = "libc++";
				CLANG_ENABLE_MODULES = YES;
				CLANG_ENABLE_OBJC_ARC = YES;
				CLANG_ENABLE_OBJC_WEAK = YES;
				CLANG_WARN_BLOCK_CAPTURE_AUTORELEASING = YES;
				CLANG_WARN_BOOL_CONVERSION = YES;
				CLANG_WARN_COMMA = YES;
				CLANG_WARN_CONSTANT_CONVERSION = YES;
				CLANG_WARN_DEPRECATED_OBJC_IMPLEMENTATIONS = YES;
				CLANG_WARN_DIRECT_OBJC_ISA_USAGE = YES_ERROR;
				CLANG_WARN_DOCUMENTATION_COMMENTS = YES;
				CLANG_WARN_EMPTY_BODY = YES;
				CLANG_WARN_ENUM_CONVERSION = YES;
				CLANG_WARN_INFINITE_RECURSION = YES;
				CLANG_WARN_INT_CONVERSION = YES;
				CLANG_WARN_NON_LITERAL_NULL_CONVERSION = YES;
				CLANG_WARN_OBJC_IMPLICIT_RETAIN_SELF = YES;
				CLANG_WARN_OBJC_LITERAL_CONVERSION = YES;
				CLANG_WARN_OBJC_ROOT_CLASS = YES_ERROR;
				CLANG_WARN_RANGE_LOOP_ANALYSIS = YES;
				CLANG_WARN_STRICT_PROTOTYPES = YES;
				CLANG_WARN_SUSPICIOUS_MOVE = YES;
				CLANG_WARN_UNGUARDED_AVAILABILITY = YES_AGGRESSIVE;
				CLANG_WARN_UNREACHABLE_CODE = YES;
				CLANG_WARN__DUPLICATE_METHOD_MATCH = YES;
				CODE_SIGN_IDENTITY = "iPhone Developer";
				COPY_PHASE_STRIP = NO;
				DEBUG_INFORMATION_FORMAT = "dwarf-with-dsym";
				ENABLE_NS_ASSERTIONS = NO;
				ENABLE_STRICT_OBJC_MSGSEND = YES;
				GCC_C_LANGUAGE_STANDARD = gnu11;
				GCC_NO_COMMON_BLOCKS = YES;
				GCC_WARN_64_TO_32_BIT_CONVERSION = YES;
				GCC_WARN_ABOUT_RETURN_TYPE = YES_ERROR;
				GCC_WARN_UNDECLARED_SELECTOR = YES;
				GCC_WARN_UNINITIALIZED_AUTOS = YES_AGGRESSIVE;
				GCC_WARN_UNUSED_FUNCTION = YES;
				GCC_WARN_UNUSED_VARIABLE = YES;
				IPHONEOS_DEPLOYMENT_TARGET = 11.3;
				MTL_ENABLE_DEBUG_INFO = NO;
				SDKROOT = iphoneos;
				SWIFT_COMPILATION_MODE = wholemodule;
				SWIFT_OPTIMIZATION_LEVEL = "-O";
				VALIDATE_PRODUCT = YES;
			};
			name = Release;
		};
		8F3D7DE620BE130100715952 /* Debug */ = {
			isa = XCBuildConfiguration;
			buildSettings = {
				ASSETCATALOG_COMPILER_APPICON_NAME = AppIcon;
				CODE_SIGN_STYLE = Automatic;
				DEVELOPMENT_TEAM = 3L6XU23G78;
				INFOPLIST_FILE = "ORHS Classes/Info.plist";
				LD_RUNPATH_SEARCH_PATHS = (
					"$(inherited)",
					"@executable_path/Frameworks",
				);
				PRODUCT_BUNDLE_IDENTIFIER = "com.example.ORHS-Classes1";
				PRODUCT_NAME = "$(TARGET_NAME)";
				SWIFT_VERSION = 4.0;
				TARGETED_DEVICE_FAMILY = "1,2";
			};
			name = Debug;
		};
		8F3D7DE720BE130100715952 /* Release */ = {
			isa = XCBuildConfiguration;
			buildSettings = {
				ASSETCATALOG_COMPILER_APPICON_NAME = AppIcon;
				CODE_SIGN_STYLE = Automatic;
				DEVELOPMENT_TEAM = 3L6XU23G78;
				INFOPLIST_FILE = "ORHS Classes/Info.plist";
				LD_RUNPATH_SEARCH_PATHS = (
					"$(inherited)",
					"@executable_path/Frameworks",
				);
				PRODUCT_BUNDLE_IDENTIFIER = "com.example.ORHS-Classes1";
				PRODUCT_NAME = "$(TARGET_NAME)";
				SWIFT_VERSION = 4.0;
				TARGETED_DEVICE_FAMILY = "1,2";
			};
			name = Release;
		};
		8F3D7DE920BE130100715952 /* Debug */ = {
			isa = XCBuildConfiguration;
			buildSettings = {
				ALWAYS_EMBED_SWIFT_STANDARD_LIBRARIES = YES;
				BUNDLE_LOADER = "$(TEST_HOST)";
				CODE_SIGN_STYLE = Automatic;
				DEVELOPMENT_TEAM = 3L6XU23G78;
				INFOPLIST_FILE = "ORHS ClassesTests/Info.plist";
				LD_RUNPATH_SEARCH_PATHS = (
					"$(inherited)",
					"@executable_path/Frameworks",
					"@loader_path/Frameworks",
				);
				PRODUCT_BUNDLE_IDENTIFIER = "com.example.ORHS-ClassesTests";
				PRODUCT_NAME = "$(TARGET_NAME)";
				SWIFT_VERSION = 4.0;
				TARGETED_DEVICE_FAMILY = "1,2";
				TEST_HOST = "$(BUILT_PRODUCTS_DIR)/ORHS Classes.app/ORHS Classes";
			};
			name = Debug;
		};
		8F3D7DEA20BE130100715952 /* Release */ = {
			isa = XCBuildConfiguration;
			buildSettings = {
				ALWAYS_EMBED_SWIFT_STANDARD_LIBRARIES = YES;
				BUNDLE_LOADER = "$(TEST_HOST)";
				CODE_SIGN_STYLE = Automatic;
				DEVELOPMENT_TEAM = 3L6XU23G78;
				INFOPLIST_FILE = "ORHS ClassesTests/Info.plist";
				LD_RUNPATH_SEARCH_PATHS = (
					"$(inherited)",
					"@executable_path/Frameworks",
					"@loader_path/Frameworks",
				);
				PRODUCT_BUNDLE_IDENTIFIER = "com.example.ORHS-ClassesTests";
				PRODUCT_NAME = "$(TARGET_NAME)";
				SWIFT_VERSION = 4.0;
				TARGETED_DEVICE_FAMILY = "1,2";
				TEST_HOST = "$(BUILT_PRODUCTS_DIR)/ORHS Classes.app/ORHS Classes";
			};
			name = Release;
		};
/* End XCBuildConfiguration section */

/* Begin XCConfigurationList section */
		8F3D7DC120BE12FF00715952 /* Build configuration list for PBXProject "ORHS Classes" */ = {
			isa = XCConfigurationList;
			buildConfigurations = (
				8F3D7DE320BE130100715952 /* Debug */,
				8F3D7DE420BE130100715952 /* Release */,
			);
			defaultConfigurationIsVisible = 0;
			defaultConfigurationName = Release;
		};
		8F3D7DE520BE130100715952 /* Build configuration list for PBXNativeTarget "ORHS Classes" */ = {
			isa = XCConfigurationList;
			buildConfigurations = (
				8F3D7DE620BE130100715952 /* Debug */,
				8F3D7DE720BE130100715952 /* Release */,
			);
			defaultConfigurationIsVisible = 0;
			defaultConfigurationName = Release;
		};
		8F3D7DE820BE130100715952 /* Build configuration list for PBXNativeTarget "ORHS ClassesTests" */ = {
			isa = XCConfigurationList;
			buildConfigurations = (
				8F3D7DE920BE130100715952 /* Debug */,
				8F3D7DEA20BE130100715952 /* Release */,
			);
			defaultConfigurationIsVisible = 0;
			defaultConfigurationName = Release;
		};
/* End XCConfigurationList section */
	};
	rootObject = 8F3D7DBE20BE12FF00715952 /* Project object */;
}
